
Microsoft Visual Studio Solution File, Format Version 12.00
# Visual Studio Version 17
VisualStudioVersion = 17.4.33110.190
MinimumVisualStudioVersion = 10.0.40219.1
Project("{9A19103F-16F7-4668-BE54-9A1E7A4F7556}") = "SingleTon", "SingleTon\SingleTon.csproj", "{5E221957-2437-4586-9314-DD23909C3C30}"
EndProject
Project("{9A19103F-16F7-4668-BE54-9A1E7A4F7556}") = "SinglTonNotThredSafe", "SinglTonNotThredSafe\SinglTonNotThredSafe.csproj", "{A944D5EA-B2BB-47E8-9F6C-762EBF8AA5F8}"
EndProject
Project("{9A19103F-16F7-4668-BE54-9A1E7A4F7556}") = "SingleTonThreadSafeUsingLock", "SingleTonThreadSafeUsingLock\SingleTonThreadSafeUsingLock.csproj", "{FD801347-8086-481C-96FD-FCF09B557DA9}"
EndProject
Project("{9A19103F-16F7-4668-BE54-9A1E7A4F7556}") = "SingleToneThredUsingDoubleClick", "SingleToneThredUsingDoubleClick\SingleToneThredUsingDoubleClick.csproj", "{1579B524-443F-451D-A954-5EDEE96C462A}"
EndProject
Project("{9A19103F-16F7-4668-BE54-9A1E7A4F7556}") = "SingleTonEgerLoading", "SingleTonEgerLoading\SingleTonEgerLoading.csproj", "{E67D6228-2964-405A-88B7-D4B034A2CC0D}"
EndProject
Project("{9A19103F-16F7-4668-BE54-9A1E7A4F7556}") = "SingleTonLazyLoading", "SingleTonLazyLoading\SingleTonLazyLoading.csproj", "{68293F03-497E-478F-B728-F86786876765}"
EndProject
Project("{9A19103F-16F7-4668-BE54-9A1E7A4F7556}") = "SOLIDSingle Responsibility", "SOLIDSingle Responsibility\SOLIDSingle Responsibility.csproj", "{CB6F78D4-38A3-4BB2-A34B-FCED775DD25E}"
EndProject
Project("{9A19103F-16F7-4668-BE54-9A1E7A4F7556}") = "SOLIDOpen Closed", "SOLIDOpen Closed\SOLIDOpen Closed.csproj", "{846E98A7-A892-48DC-9D19-06A2BDA9E768}"
EndProject
Project("{9A19103F-16F7-4668-BE54-9A1E7A4F7556}") = "SOLIDLiskovSubstitution", "SOLIDLiskovSubstitution\SOLIDLiskovSubstitution.csproj", "{2A914717-9B0E-4065-A8D7-8D4CA3F5B002}"
EndProject
Project("{9A19103F-16F7-4668-BE54-9A1E7A4F7556}") = "SOLID Interface Segregation", "SOLID Interface Segregation\SOLID Interface Segregation.csproj", "{7C749BCB-BA14-4CEC-A857-7D5808B10FF8}"
EndProject
Project("{9A19103F-16F7-4668-BE54-9A1E7A4F7556}") = "SOLID Dependency Inversion", "SOLID Dependency Inversion\SOLID Dependency Inversion.csproj", "{93012F3D-8620-4F62-931C-822FFA365CC7}"
EndProject
Project("{9A19103F-16F7-4668-BE54-9A1E7A4F7556}") = "Creational Patterns Singleton Pattern", "Creational Patterns Singleton Pattern\Creational Patterns Singleton Pattern.csproj", "{86EEED19-DB0A-4F08-8011-54187F89093F}"
EndProject
Project("{9A19103F-16F7-4668-BE54-9A1E7A4F7556}") = "Creational Patterns Prototype Pattern", "Creational Patterns Prototype Pattern\Creational Patterns Prototype Pattern.csproj", "{6B6709A9-14E7-418D-B13C-C01DAF923965}"
EndProject
Project("{2150E333-8FDC-42A3-9474-1A3956D46DE8}") = "SOLID", "SOLID", "{2CA4F519-B37E-4E11-BDCC-09BCA2C1BB54}"
EndProject
Project("{2150E333-8FDC-42A3-9474-1A3956D46DE8}") = "Creational Patterns", "Creational Patterns", "{CD0095A8-E02D-412A-B45E-7D8D14365413}"
EndProject
Project("{2150E333-8FDC-42A3-9474-1A3956D46DE8}") = "SingleTon", "SingleTon", "{6404EE2F-7ED3-4F05-B616-E75D88182A72}"
EndProject
Project("{2150E333-8FDC-42A3-9474-1A3956D46DE8}") = "Prototype", "Prototype", "{70B2646B-742A-4981-80E4-CCA33FD7CE6F}"
EndProject
Project("{9A19103F-16F7-4668-BE54-9A1E7A4F7556}") = "Prototype", "Prototype\Prototype.csproj", "{9BC4E026-CB37-4344-B297-8F4807C64E9C}"
EndProject
Project("{2150E333-8FDC-42A3-9474-1A3956D46DE8}") = "Builder", "Builder", "{DFE503B1-6F0B-40A9-9ED6-3279C172FFF9}"
EndProject
Project("{9A19103F-16F7-4668-BE54-9A1E7A4F7556}") = "Builder Pattern", "Builder Pattern\Builder Pattern.csproj", "{FAC37B71-421B-4500-B81F-CB5F662C0C56}"
EndProject
Project("{2150E333-8FDC-42A3-9474-1A3956D46DE8}") = "Factory", "Factory", "{5CD4E368-F5C1-447E-98F2-364FAEEFDC3E}"
EndProject
Project("{FAE04EC0-301F-11D3-BF4B-00C04F79EFBC}") = "Factory Pattern", "Factory Pattern\Factory Pattern.csproj", "{D2417CDC-F769-42B9-AEE9-0A8214B08B8A}"
EndProject
Project("{FAE04EC0-301F-11D3-BF4B-00C04F79EFBC}") = "ProplrmFactoryPattern", "ProplrmFactoryPattern\ProplrmFactoryPattern.csproj", "{018F1BC6-80F0-44A8-A85C-BF1B63B0E7B5}"
EndProject
Global
	GlobalSection(SolutionConfigurationPlatforms) = preSolution
		Debug|Any CPU = Debug|Any CPU
		Release|Any CPU = Release|Any CPU
	EndGlobalSection
	GlobalSection(ProjectConfigurationPlatforms) = postSolution
		{5E221957-2437-4586-9314-DD23909C3C30}.Debug|Any CPU.ActiveCfg = Debug|Any CPU
		{5E221957-2437-4586-9314-DD23909C3C30}.Debug|Any CPU.Build.0 = Debug|Any CPU
		{5E221957-2437-4586-9314-DD23909C3C30}.Release|Any CPU.ActiveCfg = Release|Any CPU
		{5E221957-2437-4586-9314-DD23909C3C30}.Release|Any CPU.Build.0 = Release|Any CPU
		{A944D5EA-B2BB-47E8-9F6C-762EBF8AA5F8}.Debug|Any CPU.ActiveCfg = Debug|Any CPU
		{A944D5EA-B2BB-47E8-9F6C-762EBF8AA5F8}.Debug|Any CPU.Build.0 = Debug|Any CPU
		{A944D5EA-B2BB-47E8-9F6C-762EBF8AA5F8}.Release|Any CPU.ActiveCfg = Release|Any CPU
		{A944D5EA-B2BB-47E8-9F6C-762EBF8AA5F8}.Release|Any CPU.Build.0 = Release|Any CPU
		{FD801347-8086-481C-96FD-FCF09B557DA9}.Debug|Any CPU.ActiveCfg = Debug|Any CPU
		{FD801347-8086-481C-96FD-FCF09B557DA9}.Debug|Any CPU.Build.0 = Debug|Any CPU
		{FD801347-8086-481C-96FD-FCF09B557DA9}.Release|Any CPU.ActiveCfg = Release|Any CPU
		{FD801347-8086-481C-96FD-FCF09B557DA9}.Release|Any CPU.Build.0 = Release|Any CPU
		{1579B524-443F-451D-A954-5EDEE96C462A}.Debug|Any CPU.ActiveCfg = Debug|Any CPU
		{1579B524-443F-451D-A954-5EDEE96C462A}.Debug|Any CPU.Build.0 = Debug|Any CPU
		{1579B524-443F-451D-A954-5EDEE96C462A}.Release|Any CPU.ActiveCfg = Release|Any CPU
		{1579B524-443F-451D-A954-5EDEE96C462A}.Release|Any CPU.Build.0 = Release|Any CPU
		{E67D6228-2964-405A-88B7-D4B034A2CC0D}.Debug|Any CPU.ActiveCfg = Debug|Any CPU
		{E67D6228-2964-405A-88B7-D4B034A2CC0D}.Debug|Any CPU.Build.0 = Debug|Any CPU
		{E67D6228-2964-405A-88B7-D4B034A2CC0D}.Release|Any CPU.ActiveCfg = Release|Any CPU
		{E67D6228-2964-405A-88B7-D4B034A2CC0D}.Release|Any CPU.Build.0 = Release|Any CPU
		{68293F03-497E-478F-B728-F86786876765}.Debug|Any CPU.ActiveCfg = Debug|Any CPU
		{68293F03-497E-478F-B728-F86786876765}.Debug|Any CPU.Build.0 = Debug|Any CPU
		{68293F03-497E-478F-B728-F86786876765}.Release|Any CPU.ActiveCfg = Release|Any CPU
		{68293F03-497E-478F-B728-F86786876765}.Release|Any CPU.Build.0 = Release|Any CPU
		{CB6F78D4-38A3-4BB2-A34B-FCED775DD25E}.Debug|Any CPU.ActiveCfg = Debug|Any CPU
		{CB6F78D4-38A3-4BB2-A34B-FCED775DD25E}.Debug|Any CPU.Build.0 = Debug|Any CPU
		{CB6F78D4-38A3-4BB2-A34B-FCED775DD25E}.Release|Any CPU.ActiveCfg = Release|Any CPU
		{CB6F78D4-38A3-4BB2-A34B-FCED775DD25E}.Release|Any CPU.Build.0 = Release|Any CPU
		{846E98A7-A892-48DC-9D19-06A2BDA9E768}.Debug|Any CPU.ActiveCfg = Debug|Any CPU
		{846E98A7-A892-48DC-9D19-06A2BDA9E768}.Debug|Any CPU.Build.0 = Debug|Any CPU
		{846E98A7-A892-48DC-9D19-06A2BDA9E768}.Release|Any CPU.ActiveCfg = Release|Any CPU
		{846E98A7-A892-48DC-9D19-06A2BDA9E768}.Release|Any CPU.Build.0 = Release|Any CPU
		{2A914717-9B0E-4065-A8D7-8D4CA3F5B002}.Debug|Any CPU.ActiveCfg = Debug|Any CPU
		{2A914717-9B0E-4065-A8D7-8D4CA3F5B002}.Debug|Any CPU.Build.0 = Debug|Any CPU
		{2A914717-9B0E-4065-A8D7-8D4CA3F5B002}.Release|Any CPU.ActiveCfg = Release|Any CPU
		{2A914717-9B0E-4065-A8D7-8D4CA3F5B002}.Release|Any CPU.Build.0 = Release|Any CPU
		{7C749BCB-BA14-4CEC-A857-7D5808B10FF8}.Debug|Any CPU.ActiveCfg = Debug|Any CPU
		{7C749BCB-BA14-4CEC-A857-7D5808B10FF8}.Debug|Any CPU.Build.0 = Debug|Any CPU
		{7C749BCB-BA14-4CEC-A857-7D5808B10FF8}.Release|Any CPU.ActiveCfg = Release|Any CPU
		{7C749BCB-BA14-4CEC-A857-7D5808B10FF8}.Release|Any CPU.Build.0 = Release|Any CPU
		{93012F3D-8620-4F62-931C-822FFA365CC7}.Debug|Any CPU.ActiveCfg = Debug|Any CPU
		{93012F3D-8620-4F62-931C-822FFA365CC7}.Debug|Any CPU.Build.0 = Debug|Any CPU
		{93012F3D-8620-4F62-931C-822FFA365CC7}.Release|Any CPU.ActiveCfg = Release|Any CPU
		{93012F3D-8620-4F62-931C-822FFA365CC7}.Release|Any CPU.Build.0 = Release|Any CPU
		{86EEED19-DB0A-4F08-8011-54187F89093F}.Debug|Any CPU.ActiveCfg = Debug|Any CPU
		{86EEED19-DB0A-4F08-8011-54187F89093F}.Debug|Any CPU.Build.0 = Debug|Any CPU
		{86EEED19-DB0A-4F08-8011-54187F89093F}.Release|Any CPU.ActiveCfg = Release|Any CPU
		{86EEED19-DB0A-4F08-8011-54187F89093F}.Release|Any CPU.Build.0 = Release|Any CPU
		{6B6709A9-14E7-418D-B13C-C01DAF923965}.Debug|Any CPU.ActiveCfg = Debug|Any CPU
		{6B6709A9-14E7-418D-B13C-C01DAF923965}.Debug|Any CPU.Build.0 = Debug|Any CPU
		{6B6709A9-14E7-418D-B13C-C01DAF923965}.Release|Any CPU.ActiveCfg = Release|Any CPU
		{6B6709A9-14E7-418D-B13C-C01DAF923965}.Release|Any CPU.Build.0 = Release|Any CPU
		{9BC4E026-CB37-4344-B297-8F4807C64E9C}.Debug|Any CPU.ActiveCfg = Debug|Any CPU
		{9BC4E026-CB37-4344-B297-8F4807C64E9C}.Debug|Any CPU.Build.0 = Debug|Any CPU
		{9BC4E026-CB37-4344-B297-8F4807C64E9C}.Release|Any CPU.ActiveCfg = Release|Any CPU
		{9BC4E026-CB37-4344-B297-8F4807C64E9C}.Release|Any CPU.Build.0 = Release|Any CPU
		{FAC37B71-421B-4500-B81F-CB5F662C0C56}.Debug|Any CPU.ActiveCfg = Debug|Any CPU
		{FAC37B71-421B-4500-B81F-CB5F662C0C56}.Debug|Any CPU.Build.0 = Debug|Any CPU
		{FAC37B71-421B-4500-B81F-CB5F662C0C56}.Release|Any CPU.ActiveCfg = Release|Any CPU
		{FAC37B71-421B-4500-B81F-CB5F662C0C56}.Release|Any CPU.Build.0 = Release|Any CPU
		{D2417CDC-F769-42B9-AEE9-0A8214B08B8A}.Debug|Any CPU.ActiveCfg = Debug|Any CPU
		{D2417CDC-F769-42B9-AEE9-0A8214B08B8A}.Debug|Any CPU.Build.0 = Debug|Any CPU
		{D2417CDC-F769-42B9-AEE9-0A8214B08B8A}.Release|Any CPU.ActiveCfg = Release|Any CPU
		{D2417CDC-F769-42B9-AEE9-0A8214B08B8A}.Release|Any CPU.Build.0 = Release|Any CPU
		{018F1BC6-80F0-44A8-A85C-BF1B63B0E7B5}.Debug|Any CPU.ActiveCfg = Debug|Any CPU
		{018F1BC6-80F0-44A8-A85C-BF1B63B0E7B5}.Debug|Any CPU.Build.0 = Debug|Any CPU
		{018F1BC6-80F0-44A8-A85C-BF1B63B0E7B5}.Release|Any CPU.ActiveCfg = Release|Any CPU
		{018F1BC6-80F0-44A8-A85C-BF1B63B0E7B5}.Release|Any CPU.Build.0 = Release|Any CPU
	EndGlobalSection
	GlobalSection(SolutionProperties) = preSolution
		HideSolutionNode = FALSE
	EndGlobalSection
	GlobalSection(NestedProjects) = preSolution
		{5E221957-2437-4586-9314-DD23909C3C30} = {6404EE2F-7ED3-4F05-B616-E75D88182A72}
		{A944D5EA-B2BB-47E8-9F6C-762EBF8AA5F8} = {6404EE2F-7ED3-4F05-B616-E75D88182A72}
		{FD801347-8086-481C-96FD-FCF09B557DA9} = {6404EE2F-7ED3-4F05-B616-E75D88182A72}
		{1579B524-443F-451D-A954-5EDEE96C462A} = {6404EE2F-7ED3-4F05-B616-E75D88182A72}
		{E67D6228-2964-405A-88B7-D4B034A2CC0D} = {6404EE2F-7ED3-4F05-B616-E75D88182A72}
		{68293F03-497E-478F-B728-F86786876765} = {6404EE2F-7ED3-4F05-B616-E75D88182A72}
		{CB6F78D4-38A3-4BB2-A34B-FCED775DD25E} = {2CA4F519-B37E-4E11-BDCC-09BCA2C1BB54}
		{846E98A7-A892-48DC-9D19-06A2BDA9E768} = {2CA4F519-B37E-4E11-BDCC-09BCA2C1BB54}
		{2A914717-9B0E-4065-A8D7-8D4CA3F5B002} = {2CA4F519-B37E-4E11-BDCC-09BCA2C1BB54}
		{7C749BCB-BA14-4CEC-A857-7D5808B10FF8} = {2CA4F519-B37E-4E11-BDCC-09BCA2C1BB54}
		{93012F3D-8620-4F62-931C-822FFA365CC7} = {2CA4F519-B37E-4E11-BDCC-09BCA2C1BB54}
		{86EEED19-DB0A-4F08-8011-54187F89093F} = {6404EE2F-7ED3-4F05-B616-E75D88182A72}
		{6B6709A9-14E7-418D-B13C-C01DAF923965} = {70B2646B-742A-4981-80E4-CCA33FD7CE6F}
		{6404EE2F-7ED3-4F05-B616-E75D88182A72} = {CD0095A8-E02D-412A-B45E-7D8D14365413}
		{70B2646B-742A-4981-80E4-CCA33FD7CE6F} = {CD0095A8-E02D-412A-B45E-7D8D14365413}
		{9BC4E026-CB37-4344-B297-8F4807C64E9C} = {70B2646B-742A-4981-80E4-CCA33FD7CE6F}
		{DFE503B1-6F0B-40A9-9ED6-3279C172FFF9} = {CD0095A8-E02D-412A-B45E-7D8D14365413}
		{FAC37B71-421B-4500-B81F-CB5F662C0C56} = {DFE503B1-6F0B-40A9-9ED6-3279C172FFF9}
		{5CD4E368-F5C1-447E-98F2-364FAEEFDC3E} = {CD0095A8-E02D-412A-B45E-7D8D14365413}
		{D2417CDC-F769-42B9-AEE9-0A8214B08B8A} = {5CD4E368-F5C1-447E-98F2-364FAEEFDC3E}
		{018F1BC6-80F0-44A8-A85C-BF1B63B0E7B5} = {5CD4E368-F5C1-447E-98F2-364FAEEFDC3E}
	EndGlobalSection
	GlobalSection(ExtensibilityGlobals) = postSolution
		SolutionGuid = {3E18F306-1BB3-43ED-980F-482E4463543F}
	EndGlobalSection
EndGlobal
